
Microsoft Visual Studio Solution File, Format Version 12.00
# Visual Studio 14
VisualStudioVersion = 14.0.24720.0
MinimumVisualStudioVersion = 10.0.40219.1
Project("{FAE04EC0-301F-11D3-BF4B-00C04F79EFBC}") = "AirlineEntities", "AirlineEntities\AirlineEntities.csproj", "{7A544E21-72F6-4120-89C0-D25154AAB1FC}"
EndProject
Project("{FAE04EC0-301F-11D3-BF4B-00C04F79EFBC}") = "AirlineGeneric", "AirlineGeneric\AirlineGeneric.csproj", "{B34023EE-5435-489D-818E-ED29F60A53EE}"
EndProject
Global
	GlobalSection(SolutionConfigurationPlatforms) = preSolution
		Debug|Any CPU = Debug|Any CPU
		Release|Any CPU = Release|Any CPU
	EndGlobalSection
	GlobalSection(ProjectConfigurationPlatforms) = postSolution
		{7A544E21-72F6-4120-89C0-D25154AAB1FC}.Debug|Any CPU.ActiveCfg = Debug|Any CPU
		{7A544E21-72F6-4120-89C0-D25154AAB1FC}.Debug|Any CPU.Build.0 = Debug|Any CPU
		{7A544E21-72F6-4120-89C0-D25154AAB1FC}.Release|Any CPU.ActiveCfg = Release|Any CPU
		{7A544E21-72F6-4120-89C0-D25154AAB1FC}.Release|Any CPU.Build.0 = Release|Any CPU
		{B34023EE-5435-489D-818E-ED29F60A53EE}.Debug|Any CPU.ActiveCfg = Debug|Any CPU
		{B34023EE-5435-489D-818E-ED29F60A53EE}.Debug|Any CPU.Build.0 = Debug|Any CPU
		{B34023EE-5435-489D-818E-ED29F60A53EE}.Release|Any CPU.ActiveCfg = Release|Any CPU
		{B34023EE-5435-489D-818E-ED29F60A53EE}.Release|Any CPU.Build.0 = Release|Any CPU
	EndGlobalSection
	GlobalSection(SolutionProperties) = preSolution
		HideSolutionNode = FALSE
	EndGlobalSection
EndGlobal
